{
  "name": "Cutest",
  "lockfileVersion": 2,
  "requires": true,
  "packages": {
    "": {
      "dependencies": {
        "datatables.net": "^1.12.0",
        "datatables.net-dt": "^1.12.0"
      }
    },
    "node_modules/datatables.net": {
      "version": "1.12.0",
      "resolved": "https://registry.npmjs.org/datatables.net/-/datatables.net-1.12.0.tgz",
      "integrity": "sha512-oCKzEqv7kDGOpdE4WE+hTEKgYZ0+pnQ6jDl/fr2HQKlb1AaNTWaeG/3skoGk51fyf80ET/bwlFyMI3hgvKv71Q==",
      "dependencies": {
        "jquery": ">=1.7"
      }
    },
    "node_modules/datatables.net-dt": {
      "version": "1.12.0",
      "resolved": "https://registry.npmjs.org/datatables.net-dt/-/datatables.net-dt-1.12.0.tgz",
      "integrity": "sha512-V9t7RjcV+kSRBNIj61RYPN+nZuoodVPOdEUIcoelgRzsoR2XC0a1sU5Naevc/vE9CnJhaAyC3hfnW7njL5CWKQ==",
      "dependencies": {
        "datatables.net": ">=1.11.3",
        "jquery": ">=1.7"
      }
    },
    "node_modules/jquery": {
      "version": "3.6.0",
      "resolved": "https://registry.npmjs.org/jquery/-/jquery-3.6.0.tgz",
      "integrity": "sha512-JVzAR/AjBvVt2BmYhxRCSYysDsPcssdmTFnzyLEts9qNwmjmu4JTAMYubEfwVOSwpQ1I1sKKFcxhZCI2buerfw=="
    }
  },
  "dependencies": {
    "datatables.net": {
      "version": "1.12.0",
      "resolved": "https://registry.npmjs.org/datatables.net/-/datatables.net-1.12.0.tgz",
      "integrity": "sha512-oCKzEqv7kDGOpdE4WE+hTEKgYZ0+pnQ6jDl/fr2HQKlb1AaNTWaeG/3skoGk51fyf80ET/bwlFyMI3hgvKv71Q==",
      "requires": {
        "jquery": ">=1.7"
      }
    },
    "datatables.net-dt": {
      "version": "1.12.0",
      "resolved": "https://registry.npmjs.org/datatables.net-dt/-/datatables.net-dt-1.12.0.tgz",
      "integrity": "sha512-V9t7RjcV+kSRBNIj61RYPN+nZuoodVPOdEUIcoelgRzsoR2XC0a1sU5Naevc/vE9CnJhaAyC3hfnW7njL5CWKQ==",
      "requires": {
        "datatables.net": ">=1.11.3",
        "jquery": ">=1.7"
      }
    },
    "jquery": {
      "version": "3.6.0",
      "resolved": "https://registry.npmjs.org/jquery/-/jquery-3.6.0.tgz",
      "integrity": "sha512-JVzAR/AjBvVt2BmYhxRCSYysDsPcssdmTFnzyLEts9qNwmjmu4JTAMYubEfwVOSwpQ1I1sKKFcxhZCI2buerfw=="
    }
  }
}
